
Microsoft Visual Studio Solution File, Format Version 12.00
# Visual Studio 15
VisualStudioVersion = 15.0.25807.0
MinimumVisualStudioVersion = 10.0.40219.1
Project("{2150E333-8FDC-42A3-9474-1A3956D46DE8}") = "Engine", "Engine", "{028C8E71-DF5A-4043-8244-7FCA76001CA8}"
EndProject
Project("{2150E333-8FDC-42A3-9474-1A3956D46DE8}") = "Games", "Games", "{16490845-8A33-4CB1-B7A8-83C88DDA1D34}"
EndProject
Project("{8BC9CEB8-8B4A-11D0-8D11-00A0C91BC942}") = "UE4", "Intermediate\ProjectFiles\UE4.vcxproj", "{F3939041-AFA5-4FC8-9486-D856D631F6BE}"
EndProject
Project("{8BC9CEB8-8B4A-11D0-8D11-00A0C91BC942}") = "BuildingEscape", "Intermediate\ProjectFiles\BuildingEscape.vcxproj", "{EED9573D-6CFE-4F4B-97DE-E3CF0F9FC6DF}"
EndProject
Global
	GlobalSection(SolutionConfigurationPlatforms) = preSolution
		DebugGame Editor|HTML5 = DebugGame Editor|HTML5
		DebugGame Editor|Win32 = DebugGame Editor|Win32
		DebugGame Editor|Win64 = DebugGame Editor|Win64
		DebugGame|HTML5 = DebugGame|HTML5
		DebugGame|Win32 = DebugGame|Win32
		DebugGame|Win64 = DebugGame|Win64
		Development Editor|HTML5 = Development Editor|HTML5
		Development Editor|Win32 = Development Editor|Win32
		Development Editor|Win64 = Development Editor|Win64
		Development|HTML5 = Development|HTML5
		Development|Win32 = Development|Win32
		Development|Win64 = Development|Win64
		Shipping|HTML5 = Shipping|HTML5
		Shipping|Win32 = Shipping|Win32
		Shipping|Win64 = Shipping|Win64
	EndGlobalSection
	GlobalSection(ProjectConfigurationPlatforms) = postSolution
		{F3939041-AFA5-4FC8-9486-D856D631F6BE}.DebugGame Editor|HTML5.ActiveCfg = BuiltWithUnrealBuildTool|Win32
		{F3939041-AFA5-4FC8-9486-D856D631F6BE}.DebugGame Editor|HTML5.Build.0 = BuiltWithUnrealBuildTool|Win32
		{F3939041-AFA5-4FC8-9486-D856D631F6BE}.DebugGame Editor|Win32.ActiveCfg = BuiltWithUnrealBuildTool|Win32
		{F3939041-AFA5-4FC8-9486-D856D631F6BE}.DebugGame Editor|Win32.Build.0 = BuiltWithUnrealBuildTool|Win32
		{F3939041-AFA5-4FC8-9486-D856D631F6BE}.DebugGame Editor|Win64.ActiveCfg = BuiltWithUnrealBuildTool|Win32
		{F3939041-AFA5-4FC8-9486-D856D631F6BE}.DebugGame Editor|Win64.Build.0 = BuiltWithUnrealBuildTool|Win32
		{F3939041-AFA5-4FC8-9486-D856D631F6BE}.DebugGame|HTML5.ActiveCfg = BuiltWithUnrealBuildTool|Win32
		{F3939041-AFA5-4FC8-9486-D856D631F6BE}.DebugGame|HTML5.Build.0 = BuiltWithUnrealBuildTool|Win32
		{F3939041-AFA5-4FC8-9486-D856D631F6BE}.DebugGame|Win32.ActiveCfg = BuiltWithUnrealBuildTool|Win32
		{F3939041-AFA5-4FC8-9486-D856D631F6BE}.DebugGame|Win32.Build.0 = BuiltWithUnrealBuildTool|Win32
		{F3939041-AFA5-4FC8-9486-D856D631F6BE}.DebugGame|Win64.ActiveCfg = BuiltWithUnrealBuildTool|Win32
		{F3939041-AFA5-4FC8-9486-D856D631F6BE}.DebugGame|Win64.Build.0 = BuiltWithUnrealBuildTool|Win32
		{F3939041-AFA5-4FC8-9486-D856D631F6BE}.Development Editor|HTML5.ActiveCfg = BuiltWithUnrealBuildTool|Win32
		{F3939041-AFA5-4FC8-9486-D856D631F6BE}.Development Editor|HTML5.Build.0 = BuiltWithUnrealBuildTool|Win32
		{F3939041-AFA5-4FC8-9486-D856D631F6BE}.Development Editor|Win32.ActiveCfg = BuiltWithUnrealBuildTool|Win32
		{F3939041-AFA5-4FC8-9486-D856D631F6BE}.Development Editor|Win32.Build.0 = BuiltWithUnrealBuildTool|Win32
		{F3939041-AFA5-4FC8-9486-D856D631F6BE}.Development Editor|Win64.ActiveCfg = BuiltWithUnrealBuildTool|Win32
		{F3939041-AFA5-4FC8-9486-D856D631F6BE}.Development Editor|Win64.Build.0 = BuiltWithUnrealBuildTool|Win32
		{F3939041-AFA5-4FC8-9486-D856D631F6BE}.Development|HTML5.ActiveCfg = BuiltWithUnrealBuildTool|Win32
		{F3939041-AFA5-4FC8-9486-D856D631F6BE}.Development|HTML5.Build.0 = BuiltWithUnrealBuildTool|Win32
		{F3939041-AFA5-4FC8-9486-D856D631F6BE}.Development|Win32.ActiveCfg = BuiltWithUnrealBuildTool|Win32
		{F3939041-AFA5-4FC8-9486-D856D631F6BE}.Development|Win32.Build.0 = BuiltWithUnrealBuildTool|Win32
		{F3939041-AFA5-4FC8-9486-D856D631F6BE}.Development|Win64.ActiveCfg = BuiltWithUnrealBuildTool|Win32
		{F3939041-AFA5-4FC8-9486-D856D631F6BE}.Development|Win64.Build.0 = BuiltWithUnrealBuildTool|Win32
		{F3939041-AFA5-4FC8-9486-D856D631F6BE}.Shipping|HTML5.ActiveCfg = BuiltWithUnrealBuildTool|Win32
		{F3939041-AFA5-4FC8-9486-D856D631F6BE}.Shipping|HTML5.Build.0 = BuiltWithUnrealBuildTool|Win32
		{F3939041-AFA5-4FC8-9486-D856D631F6BE}.Shipping|Win32.ActiveCfg = BuiltWithUnrealBuildTool|Win32
		{F3939041-AFA5-4FC8-9486-D856D631F6BE}.Shipping|Win32.Build.0 = BuiltWithUnrealBuildTool|Win32
		{F3939041-AFA5-4FC8-9486-D856D631F6BE}.Shipping|Win64.ActiveCfg = BuiltWithUnrealBuildTool|Win32
		{F3939041-AFA5-4FC8-9486-D856D631F6BE}.Shipping|Win64.Build.0 = BuiltWithUnrealBuildTool|Win32
		{EED9573D-6CFE-4F4B-97DE-E3CF0F9FC6DF}.DebugGame Editor|HTML5.ActiveCfg = HTML5_DebugGame_Editor|Win32
		{EED9573D-6CFE-4F4B-97DE-E3CF0F9FC6DF}.DebugGame Editor|Win32.ActiveCfg = DebugGame_Editor|Win32
		{EED9573D-6CFE-4F4B-97DE-E3CF0F9FC6DF}.DebugGame Editor|Win64.ActiveCfg = DebugGame_Editor|x64
		{EED9573D-6CFE-4F4B-97DE-E3CF0F9FC6DF}.DebugGame Editor|Win64.Build.0 = DebugGame_Editor|x64
		{EED9573D-6CFE-4F4B-97DE-E3CF0F9FC6DF}.DebugGame|HTML5.ActiveCfg = HTML5_DebugGame_Game|Win32
		{EED9573D-6CFE-4F4B-97DE-E3CF0F9FC6DF}.DebugGame|HTML5.Build.0 = HTML5_DebugGame_Game|Win32
		{EED9573D-6CFE-4F4B-97DE-E3CF0F9FC6DF}.DebugGame|Win32.ActiveCfg = DebugGame_Game|Win32
		{EED9573D-6CFE-4F4B-97DE-E3CF0F9FC6DF}.DebugGame|Win32.Build.0 = DebugGame_Game|Win32
		{EED9573D-6CFE-4F4B-97DE-E3CF0F9FC6DF}.DebugGame|Win64.ActiveCfg = DebugGame_Game|x64
		{EED9573D-6CFE-4F4B-97DE-E3CF0F9FC6DF}.DebugGame|Win64.Build.0 = DebugGame_Game|x64
		{EED9573D-6CFE-4F4B-97DE-E3CF0F9FC6DF}.Development Editor|HTML5.ActiveCfg = HTML5_Development_Editor|Win32
		{EED9573D-6CFE-4F4B-97DE-E3CF0F9FC6DF}.Development Editor|Win32.ActiveCfg = Development_Editor|Win32
		{EED9573D-6CFE-4F4B-97DE-E3CF0F9FC6DF}.Development Editor|Win64.ActiveCfg = Development_Editor|x64
		{EED9573D-6CFE-4F4B-97DE-E3CF0F9FC6DF}.Development Editor|Win64.Build.0 = Development_Editor|x64
		{EED9573D-6CFE-4F4B-97DE-E3CF0F9FC6DF}.Development|HTML5.ActiveCfg = HTML5_Development_Game|Win32
		{EED9573D-6CFE-4F4B-97DE-E3CF0F9FC6DF}.Development|HTML5.Build.0 = HTML5_Development_Game|Win32
		{EED9573D-6CFE-4F4B-97DE-E3CF0F9FC6DF}.Development|Win32.ActiveCfg = Development_Game|Win32
		{EED9573D-6CFE-4F4B-97DE-E3CF0F9FC6DF}.Development|Win32.Build.0 = Development_Game|Win32
		{EED9573D-6CFE-4F4B-97DE-E3CF0F9FC6DF}.Development|Win64.ActiveCfg = Development_Game|x64
		{EED9573D-6CFE-4F4B-97DE-E3CF0F9FC6DF}.Development|Win64.Build.0 = Development_Game|x64
		{EED9573D-6CFE-4F4B-97DE-E3CF0F9FC6DF}.Shipping|HTML5.ActiveCfg = HTML5_Shipping_Game|Win32
		{EED9573D-6CFE-4F4B-97DE-E3CF0F9FC6DF}.Shipping|HTML5.Build.0 = HTML5_Shipping_Game|Win32
		{EED9573D-6CFE-4F4B-97DE-E3CF0F9FC6DF}.Shipping|Win32.ActiveCfg = Shipping_Game|Win32
		{EED9573D-6CFE-4F4B-97DE-E3CF0F9FC6DF}.Shipping|Win32.Build.0 = Shipping_Game|Win32
		{EED9573D-6CFE-4F4B-97DE-E3CF0F9FC6DF}.Shipping|Win64.ActiveCfg = Shipping_Game|x64
		{EED9573D-6CFE-4F4B-97DE-E3CF0F9FC6DF}.Shipping|Win64.Build.0 = Shipping_Game|x64
	EndGlobalSection
	GlobalSection(SolutionProperties) = preSolution
		HideSolutionNode = FALSE
	EndGlobalSection
	GlobalSection(NestedProjects) = preSolution
		{F3939041-AFA5-4FC8-9486-D856D631F6BE} = {028C8E71-DF5A-4043-8244-7FCA76001CA8}
		{EED9573D-6CFE-4F4B-97DE-E3CF0F9FC6DF} = {16490845-8A33-4CB1-B7A8-83C88DDA1D34}
	EndGlobalSection
	GlobalSection(ExtensibilityGlobals) = postSolution
		SolutionGuid = {52BEA84D-94AD-42CE-9CE6-6C7A805946A1}
	EndGlobalSection
EndGlobal
